
Microsoft Visual Studio Solution File, Format Version 12.00
# Visual Studio Version 16
VisualStudioVersion = 16.0.31624.102
MinimumVisualStudioVersion = 10.0.40219.1
Project("{FAE04EC0-301F-11D3-BF4B-00C04F79EFBC}") = "Test", "Test\Test.csproj", "{F39846A8-91D5-4C7F-A7B8-D25B94295561}"
EndProject
Project("{FAE04EC0-301F-11D3-BF4B-00C04F79EFBC}") = "TestTest", "TestTest\TestTest.csproj", "{CB293A72-71DC-4AED-93D1-81176094DC0F}"
EndProject
Global
	GlobalSection(SolutionConfigurationPlatforms) = preSolution
		Debug|Any CPU = Debug|Any CPU
		Release|Any CPU = Release|Any CPU
	EndGlobalSection
	GlobalSection(ProjectConfigurationPlatforms) = postSolution
		{F39846A8-91D5-4C7F-A7B8-D25B94295561}.Debug|Any CPU.ActiveCfg = Debug|Any CPU
		{F39846A8-91D5-4C7F-A7B8-D25B94295561}.Debug|Any CPU.Build.0 = Debug|Any CPU
		{F39846A8-91D5-4C7F-A7B8-D25B94295561}.Release|Any CPU.ActiveCfg = Release|Any CPU
		{F39846A8-91D5-4C7F-A7B8-D25B94295561}.Release|Any CPU.Build.0 = Release|Any CPU
		{CB293A72-71DC-4AED-93D1-81176094DC0F}.Debug|Any CPU.ActiveCfg = Debug|Any CPU
		{CB293A72-71DC-4AED-93D1-81176094DC0F}.Debug|Any CPU.Build.0 = Debug|Any CPU
		{CB293A72-71DC-4AED-93D1-81176094DC0F}.Release|Any CPU.ActiveCfg = Release|Any CPU
		{CB293A72-71DC-4AED-93D1-81176094DC0F}.Release|Any CPU.Build.0 = Release|Any CPU
	EndGlobalSection
	GlobalSection(SolutionProperties) = preSolution
		HideSolutionNode = FALSE
	EndGlobalSection
	GlobalSection(ExtensibilityGlobals) = postSolution
		SolutionGuid = {A9D7AD13-BEC5-4D62-81F9-FFFB76A7EB43}
	EndGlobalSection
EndGlobal
